// !$*UTF8*$!
{
	archiveVersion = 1;
	classes = {
	};
	objectVersion = 50;
	objects = {

/* Begin PBXBuildFile section */
		223F757F212A4CD5007CD9B0 /* AppDelegate.swift in Sources */ = {isa = PBXBuildFile; fileRef = 223F757E212A4CD5007CD9B0 /* AppDelegate.swift */; };
		223F7584212A4CD5007CD9B0 /* Main.storyboard in Resources */ = {isa = PBXBuildFile; fileRef = 223F7582212A4CD5007CD9B0 /* Main.storyboard */; };
		223F7586212A4CE1007CD9B0 /* Assets.xcassets in Resources */ = {isa = PBXBuildFile; fileRef = 223F7585212A4CE1007CD9B0 /* Assets.xcassets */; };
		223F7589212A4CE1007CD9B0 /* LaunchScreen.storyboard in Resources */ = {isa = PBXBuildFile; fileRef = 223F7587212A4CE1007CD9B0 /* LaunchScreen.storyboard */; };
		223F7595212A59F8007CD9B0 /* NewsHelper.swift in Sources */ = {isa = PBXBuildFile; fileRef = 223F7594212A59F8007CD9B0 /* NewsHelper.swift */; };
		223F7597212A5AD7007CD9B0 /* ArticleTableViewController.swift in Sources */ = {isa = PBXBuildFile; fileRef = 223F7596212A5AD7007CD9B0 /* ArticleTableViewController.swift */; };
		223F7599212A5B0A007CD9B0 /* ArticleWebViewController.swift in Sources */ = {isa = PBXBuildFile; fileRef = 223F7598212A5B0A007CD9B0 /* ArticleWebViewController.swift */; };
		F47906676388BE4990512891 /* Pods_NewsFun.framework in Frameworks */ = {isa = PBXBuildFile; fileRef = 2A0BB3C8DE4B999D0152D23D /* Pods_NewsFun.framework */; };
/* End PBXBuildFile section */

/* Begin PBXFileReference section */
		223F757B212A4CD5007CD9B0 /* NewsFun.app */ = {isa = PBXFileReference; explicitFileType = wrapper.application; includeInIndex = 0; path = NewsFun.app; sourceTree = BUILT_PRODUCTS_DIR; };
		223F757E212A4CD5007CD9B0 /* AppDelegate.swift */ = {isa = PBXFileReference; lastKnownFileType = sourcecode.swift; path = AppDelegate.swift; sourceTree = "<group>"; };
		223F7583212A4CD5007CD9B0 /* Base */ = {isa = PBXFileReference; lastKnownFileType = file.storyboard; name = Base; path = Base.lproj/Main.storyboard; sourceTree = "<group>"; };
		223F7585212A4CE1007CD9B0 /* Assets.xcassets */ = {isa = PBXFileReference; lastKnownFileType = folder.assetcatalog; path = Assets.xcassets; sourceTree = "<group>"; };
		223F7588212A4CE1007CD9B0 /* Base */ = {isa = PBXFileReference; lastKnownFileType = file.storyboard; name = Base; path = Base.lproj/LaunchScreen.storyboard; sourceTree = "<group>"; };
		223F758A212A4CE1007CD9B0 /* Info.plist */ = {isa = PBXFileReference; lastKnownFileType = text.plist.xml; path = Info.plist; sourceTree = "<group>"; };
		223F7594212A59F8007CD9B0 /* NewsHelper.swift */ = {isa = PBXFileReference; lastKnownFileType = sourcecode.swift; name = NewsHelper.swift; path = /Users/justinhollis/Desktop/Programming/iOS/NewsFun/NewsFun/NewsHelper.swift; sourceTree = "<absolute>"; };
		223F7596212A5AD7007CD9B0 /* ArticleTableViewController.swift */ = {isa = PBXFileReference; lastKnownFileType = sourcecode.swift; name = ArticleTableViewController.swift; path = /Users/justinhollis/Desktop/Programming/iOS/NewsFun/NewsFun/ArticleTableViewController.swift; sourceTree = "<absolute>"; };
		223F7598212A5B0A007CD9B0 /* ArticleWebViewController.swift */ = {isa = PBXFileReference; lastKnownFileType = sourcecode.swift; name = ArticleWebViewController.swift; path = /Users/justinhollis/Desktop/Programming/iOS/NewsFun/NewsFun/ArticleWebViewController.swift; sourceTree = "<absolute>"; };
		2A0BB3C8DE4B999D0152D23D /* Pods_NewsFun.framework */ = {isa = PBXFileReference; explicitFileType = wrapper.framework; includeInIndex = 0; path = Pods_NewsFun.framework; sourceTree = BUILT_PRODUCTS_DIR; };
		4AB49C9EC540BBBA13A998D1 /* Pods-NewsFun.release.xcconfig */ = {isa = PBXFileReference; includeInIndex = 1; lastKnownFileType = text.xcconfig; name = "Pods-NewsFun.release.xcconfig"; path = "Pods/Target Support Files/Pods-NewsFun/Pods-NewsFun.release.xcconfig"; sourceTree = "<group>"; };
		A99CF90DBB5B5E6E208F5E4B /* Pods-NewsFun.debug.xcconfig */ = {isa = PBXFileReference; includeInIndex = 1; lastKnownFileType = text.xcconfig; name = "Pods-NewsFun.debug.xcconfig"; path = "Pods/Target Support Files/Pods-NewsFun/Pods-NewsFun.debug.xcconfig"; sourceTree = "<group>"; };
/* End PBXFileReference section */

/* Begin PBXFrameworksBuildPhase section */
		223F7578212A4CD5007CD9B0 /* Frameworks */ = {
			isa = PBXFrameworksBuildPhase;
			buildActionMask = 2147483647;
			files = (
				F47906676388BE4990512891 /* Pods_NewsFun.framework in Frameworks */,
			);
			runOnlyForDeploymentPostprocessing = 0;
		};
/* End PBXFrameworksBuildPhase section */

/* Begin PBXGroup section */
		223F7572212A4CD5007CD9B0 = {
			isa = PBXGroup;
			children = (
				223F757D212A4CD5007CD9B0 /* NewsFun */,
				223F757C212A4CD5007CD9B0 /* Products */,
				A193F18FCA3F6FF7E7948AD6 /* Pods */,
				BA27D53968FFC1059F600919 /* Frameworks */,
			);
			sourceTree = "<group>";
		};
		223F757C212A4CD5007CD9B0 /* Products */ = {
			isa = PBXGroup;
			children = (
				223F757B212A4CD5007CD9B0 /* NewsFun.app */,
			);
			name = Products;
			sourceTree = "<group>";
		};
		223F757D212A4CD5007CD9B0 /* NewsFun */ = {
			isa = PBXGroup;
			children = (
				223F7596212A5AD7007CD9B0 /* ArticleTableViewController.swift */,
				223F7598212A5B0A007CD9B0 /* ArticleWebViewController.swift */,
				223F7594212A59F8007CD9B0 /* NewsHelper.swift */,
				223F757E212A4CD5007CD9B0 /* AppDelegate.swift */,
				223F7582212A4CD5007CD9B0 /* Main.storyboard */,
				223F7585212A4CE1007CD9B0 /* Assets.xcassets */,
				223F7587212A4CE1007CD9B0 /* LaunchScreen.storyboard */,
				223F758A212A4CE1007CD9B0 /* Info.plist */,
			);
			path = NewsFun;
			sourceTree = "<group>";
		};
		A193F18FCA3F6FF7E7948AD6 /* Pods */ = {
			isa = PBXGroup;
			children = (
				A99CF90DBB5B5E6E208F5E4B /* Pods-NewsFun.debug.xcconfig */,
				4AB49C9EC540BBBA13A998D1 /* Pods-NewsFun.release.xcconfig */,
			);
			name = Pods;
			sourceTree = "<group>";
		};
		BA27D53968FFC1059F600919 /* Frameworks */ = {
			isa = PBXGroup;
			children = (
				2A0BB3C8DE4B999D0152D23D /* Pods_NewsFun.framework */,
			);
			name = Frameworks;
			sourceTree = "<group>";
		};
/* End PBXGroup section */

/* Begin PBXNativeTarget section */
		223F757A212A4CD5007CD9B0 /* NewsFun */ = {
			isa = PBXNativeTarget;
			buildConfigurationList = 223F758D212A4CE1007CD9B0 /* Build configuration list for PBXNativeTarget "NewsFun" */;
			buildPhases = (
				1F6E8A59AB720FD16B1C6E0C /* [CP] Check Pods Manifest.lock */,
				223F7577212A4CD5007CD9B0 /* Sources */,
				223F7578212A4CD5007CD9B0 /* Frameworks */,
				223F7579212A4CD5007CD9B0 /* Resources */,
				95A30254EA0AC41FD7EF1600 /* [CP] Embed Pods Frameworks */,
			);
			buildRules = (
			);
			dependencies = (
			);
			name = NewsFun;
			productName = NewsFun;
			productReference = 223F757B212A4CD5007CD9B0 /* NewsFun.app */;
			productType = "com.apple.product-type.application";
		};
/* End PBXNativeTarget section */

/* Begin PBXProject section */
		223F7573212A4CD5007CD9B0 /* Project object */ = {
			isa = PBXProject;
			attributes = {
				LastSwiftUpdateCheck = 0930;
				LastUpgradeCheck = 0930;
				ORGANIZATIONNAME = "Justin Hollis";
				TargetAttributes = {
					223F757A212A4CD5007CD9B0 = {
						CreatedOnToolsVersion = 9.3.1;
					};
				};
			};
			buildConfigurationList = 223F7576212A4CD5007CD9B0 /* Build configuration list for PBXProject "NewsFun" */;
			compatibilityVersion = "Xcode 9.3";
			developmentRegion = en;
			hasScannedForEncodings = 0;
			knownRegions = (
				en,
				Base,
			);
			mainGroup = 223F7572212A4CD5007CD9B0;
			productRefGroup = 223F757C212A4CD5007CD9B0 /* Products */;
			projectDirPath = "";
			projectRoot = "";
			targets = (
				223F757A212A4CD5007CD9B0 /* NewsFun */,
			);
		};
/* End PBXProject section */

/* Begin PBXResourcesBuildPhase section */
		223F7579212A4CD5007CD9B0 /* Resources */ = {
			isa = PBXResourcesBuildPhase;
			buildActionMask = 2147483647;
			files = (
				223F7589212A4CE1007CD9B0 /* LaunchScreen.storyboard in Resources */,
				223F7586212A4CE1007CD9B0 /* Assets.xcassets in Resources */,
				223F7584212A4CD5007CD9B0 /* Main.storyboard in Resources */,
			);
			runOnlyForDeploymentPostprocessing = 0;
		};
/* End PBXResourcesBuildPhase section */

/* Begin PBXShellScriptBuildPhase section */
		1F6E8A59AB720FD16B1C6E0C /* [CP] Check Pods Manifest.lock */ = {
			isa = PBXShellScriptBuildPhase;
			buildActionMask = 2147483647;
			files = (
			);
			inputPaths = (
				"${PODS_PODFILE_DIR_PATH}/Podfile.lock",
				"${PODS_ROOT}/Manifest.lock",
			);
			name = "[CP] Check Pods Manifest.lock";
			outputPaths = (
				"$(DERIVED_FILE_DIR)/Pods-NewsFun-checkManifestLockResult.txt",
			);
			runOnlyForDeploymentPostprocessing = 0;
			shellPath = /bin/sh;
			shellScript = "diff \"${PODS_PODFILE_DIR_PATH}/Podfile.lock\" \"${PODS_ROOT}/Manifest.lock\" > /dev/null\nif [ $? != 0 ] ; then\n    # print error to STDERR\n    echo \"error: The sandbox is not in sync with the Podfile.lock. Run 'pod install' or update your CocoaPods installation.\" >&2\n    exit 1\nfi\n# This output is used by Xcode 'outputs' to avoid re-running this script phase.\necho \"SUCCESS\" > \"${SCRIPT_OUTPUT_FILE_0}\"\n";
			showEnvVarsInLog = 0;
		};
		95A30254EA0AC41FD7EF1600 /* [CP] Embed Pods Frameworks */ = {
			isa = PBXShellScriptBuildPhase;
			buildActionMask = 2147483647;
			files = (
			);
			inputPaths = (
				"${SRCROOT}/Pods/Target Support Files/Pods-NewsFun/Pods-NewsFun-frameworks.sh",
				"${BUILT_PRODUCTS_DIR}/Alamofire/Alamofire.framework",
				"${BUILT_PRODUCTS_DIR}/DocumentClassifier/DocumentClassifier.framework",
				"${BUILT_PRODUCTS_DIR}/Kingfisher/Kingfisher.framework",
			);
			name = "[CP] Embed Pods Frameworks";
			outputPaths = (
				"${TARGET_BUILD_DIR}/${FRAMEWORKS_FOLDER_PATH}/Alamofire.framework",
				"${TARGET_BUILD_DIR}/${FRAMEWORKS_FOLDER_PATH}/DocumentClassifier.framework",
				"${TARGET_BUILD_DIR}/${FRAMEWORKS_FOLDER_PATH}/Kingfisher.framework",
			);
			runOnlyForDeploymentPostprocessing = 0;
			shellPath = /bin/sh;
			shellScript = "\"${SRCROOT}/Pods/Target Support Files/Pods-NewsFun/Pods-NewsFun-frameworks.sh\"\n";
			showEnvVarsInLog = 0;
		};
/* End PBXShellScriptBuildPhase section */

/* Begin PBXSourcesBuildPhase section */
		223F7577212A4CD5007CD9B0 /* Sources */ = {
			isa = PBXSourcesBuildPhase;
			buildActionMask = 2147483647;
			files = (
				223F757F212A4CD5007CD9B0 /* AppDelegate.swift in Sources */,
				223F7597212A5AD7007CD9B0 /* ArticleTableViewController.swift in Sources */,
				223F7599212A5B0A007CD9B0 /* ArticleWebViewController.swift in Sources */,
				223F7595212A59F8007CD9B0 /* NewsHelper.swift in Sources */,
			);
			runOnlyForDeploymentPostprocessing = 0;
		};
/* End PBXSourcesBuildPhase section */

/* Begin PBXVariantGroup section */
		223F7582212A4CD5007CD9B0 /* Main.storyboard */ = {
			isa = PBXVariantGroup;
			children = (
				223F7583212A4CD5007CD9B0 /* Base */,
			);
			name = Main.storyboard;
			sourceTree = "<group>";
		};
		223F7587212A4CE1007CD9B0 /* LaunchScreen.storyboard */ = {
			isa = PBXVariantGroup;
			children = (
				223F7588212A4CE1007CD9B0 /* Base */,
			);
			name = LaunchScreen.storyboard;
			sourceTree = "<group>";
		};
/* End PBXVariantGroup section */

/* Begin XCBuildConfiguration section */
		223F758B212A4CE1007CD9B0 /* Debug */ = {
			isa = XCBuildConfiguration;
			buildSettings = {
				ALWAYS_SEARCH_USER_PATHS = NO;
				CLANG_ANALYZER_NONNULL = YES;
				CLANG_ANALYZER_NUMBER_OBJECT_CONVERSION = YES_AGGRESSIVE;
				CLANG_CXX_LANGUAGE_STANDARD = "gnu++14";
				CLANG_CXX_LIBRARY = "libc++";
				CLANG_ENABLE_MODULES = YES;
				CLANG_ENABLE_OBJC_ARC = YES;
				CLANG_ENABLE_OBJC_WEAK = YES;
				CLANG_WARN_BLOCK_CAPTURE_AUTORELEASING = YES;
				CLANG_WARN_BOOL_CONVERSION = YES;
				CLANG_WARN_COMMA = YES;
				CLANG_WARN_CONSTANT_CONVERSION = YES;
				CLANG_WARN_DEPRECATED_OBJC_IMPLEMENTATIONS = YES;
				CLANG_WARN_DIRECT_OBJC_ISA_USAGE = YES_ERROR;
				CLANG_WARN_DOCUMENTATION_COMMENTS = YES;
				CLANG_WARN_EMPTY_BODY = YES;
				CLANG_WARN_ENUM_CONVERSION = YES;
				CLANG_WARN_INFINITE_RECURSION = YES;
				CLANG_WARN_INT_CONVERSION = YES;
				CLANG_WARN_NON_LITERAL_NULL_CONVERSION = YES;
				CLANG_WARN_OBJC_IMPLICIT_RETAIN_SELF = YES;
				CLANG_WARN_OBJC_LITERAL_CONVERSION = YES;
				CLANG_WARN_OBJC_ROOT_CLASS = YES_ERROR;
				CLANG_WARN_RANGE_LOOP_ANALYSIS = YES;
				CLANG_WARN_STRICT_PROTOTYPES = YES;
				CLANG_WARN_SUSPICIOUS_MOVE = YES;
				CLANG_WARN_UNGUARDED_AVAILABILITY = YES_AGGRESSIVE;
				CLANG_WARN_UNREACHABLE_CODE = YES;
				CLANG_WARN__DUPLICATE_METHOD_MATCH = YES;
				CODE_SIGN_IDENTITY = "iPhone Developer";
				COPY_PHASE_STRIP = NO;
				DEBUG_INFORMATION_FORMAT = dwarf;
				ENABLE_STRICT_OBJC_MSGSEND = YES;
				ENABLE_TESTABILITY = YES;
				GCC_C_LANGUAGE_STANDARD = gnu11;
				GCC_DYNAMIC_NO_PIC = NO;
				GCC_NO_COMMON_BLOCKS = YES;
				GCC_OPTIMIZATION_LEVEL = 0;
				GCC_PREPROCESSOR_DEFINITIONS = (
					"DEBUG=1",
					"$(inherited)",
				);
				GCC_WARN_64_TO_32_BIT_CONVERSION = YES;
				GCC_WARN_ABOUT_RETURN_TYPE = YES_ERROR;
				GCC_WARN_UNDECLARED_SELECTOR = YES;
				GCC_WARN_UNINITIALIZED_AUTOS = YES_AGGRESSIVE;
				GCC_WARN_UNUSED_FUNCTION = YES;
				GCC_WARN_UNUSED_VARIABLE = YES;
				IPHONEOS_DEPLOYMENT_TARGET = 11.3;
				MTL_ENABLE_DEBUG_INFO = YES;
				ONLY_ACTIVE_ARCH = YES;
				SDKROOT = iphoneos;
				SWIFT_ACTIVE_COMPILATION_CONDITIONS = DEBUG;
				SWIFT_OPTIMIZATION_LEVEL = "-Onone";
			};
			name = Debug;
		};
		223F758C212A4CE1007CD9B0 /* Release */ = {
			isa = XCBuildConfiguration;
			buildSettings = {
				ALWAYS_SEARCH_USER_PATHS = NO;
				CLANG_ANALYZER_NONNULL = YES;
				CLANG_ANALYZER_NUMBER_OBJECT_CONVERSION = YES_AGGRESSIVE;
				CLANG_CXX_LANGUAGE_STANDARD = "gnu++14";
				CLANG_CXX_LIBRARY = "libc++";
				CLANG_ENABLE_MODULES = YES;
				CLANG_ENABLE_OBJC_ARC = YES;
				CLANG_ENABLE_OBJC_WEAK = YES;
				CLANG_WARN_BLOCK_CAPTURE_AUTORELEASING = YES;
				CLANG_WARN_BOOL_CONVERSION = YES;
				CLANG_WARN_COMMA = YES;
				CLANG_WARN_CONSTANT_CONVERSION = YES;
				CLANG_WARN_DEPRECATED_OBJC_IMPLEMENTATIONS = YES;
				CLANG_WARN_DIRECT_OBJC_ISA_USAGE = YES_ERROR;
				CLANG_WARN_DOCUMENTATION_COMMENTS = YES;
				CLANG_WARN_EMPTY_BODY = YES;
				CLANG_WARN_ENUM_CONVERSION = YES;
				CLANG_WARN_INFINITE_RECURSION = YES;
				CLANG_WARN_INT_CONVERSION = YES;
				CLANG_WARN_NON_LITERAL_NULL_CONVERSION = YES;
				CLANG_WARN_OBJC_IMPLICIT_RETAIN_SELF = YES;
				CLANG_WARN_OBJC_LITERAL_CONVERSION = YES;
				CLANG_WARN_OBJC_ROOT_CLASS = YES_ERROR;
				CLANG_WARN_RANGE_LOOP_ANALYSIS = YES;
				CLANG_WARN_STRICT_PROTOTYPES = YES;
				CLANG_WARN_SUSPICIOUS_MOVE = YES;
				CLANG_WARN_UNGUARDED_AVAILABILITY = YES_AGGRESSIVE;
				CLANG_WARN_UNREACHABLE_CODE = YES;
				CLANG_WARN__DUPLICATE_METHOD_MATCH = YES;
				CODE_SIGN_IDENTITY = "iPhone Developer";
				COPY_PHASE_STRIP = NO;
				DEBUG_INFORMATION_FORMAT = "dwarf-with-dsym";
				ENABLE_NS_ASSERTIONS = NO;
				ENABLE_STRICT_OBJC_MSGSEND = YES;
				GCC_C_LANGUAGE_STANDARD = gnu11;
				GCC_NO_COMMON_BLOCKS = YES;
				GCC_WARN_64_TO_32_BIT_CONVERSION = YES;
				GCC_WARN_ABOUT_RETURN_TYPE = YES_ERROR;
				GCC_WARN_UNDECLARED_SELECTOR = YES;
				GCC_WARN_UNINITIALIZED_AUTOS = YES_AGGRESSIVE;
				GCC_WARN_UNUSED_FUNCTION = YES;
				GCC_WARN_UNUSED_VARIABLE = YES;
				IPHONEOS_DEPLOYMENT_TARGET = 11.3;
				MTL_ENABLE_DEBUG_INFO = NO;
				SDKROOT = iphoneos;
				SWIFT_COMPILATION_MODE = wholemodule;
				SWIFT_OPTIMIZATION_LEVEL = "-O";
				VALIDATE_PRODUCT = YES;
			};
			name = Release;
		};
		223F758E212A4CE1007CD9B0 /* Debug */ = {
			isa = XCBuildConfiguration;
			baseConfigurationReference = A99CF90DBB5B5E6E208F5E4B /* Pods-NewsFun.debug.xcconfig */;
			buildSettings = {
				ASSETCATALOG_COMPILER_APPICON_NAME = AppIcon;
				CODE_SIGN_STYLE = Automatic;
				DEVELOPMENT_TEAM = ZAVZ2D9H36;
				INFOPLIST_FILE = NewsFun/Info.plist;
				LD_RUNPATH_SEARCH_PATHS = (
					"$(inherited)",
					"@executable_path/Frameworks",
				);
				PRODUCT_BUNDLE_IDENTIFIER = com.jhollis.NewsFun;
				PRODUCT_NAME = "$(TARGET_NAME)";
				SWIFT_VERSION = 4.0;
				TARGETED_DEVICE_FAMILY = "1,2";
			};
			name = Debug;
		};
		223F758F212A4CE1007CD9B0 /* Release */ = {
			isa = XCBuildConfiguration;
			baseConfigurationReference = 4AB49C9EC540BBBA13A998D1 /* Pods-NewsFun.release.xcconfig */;
			buildSettings = {
				ASSETCATALOG_COMPILER_APPICON_NAME = AppIcon;
				CODE_SIGN_STYLE = Automatic;
				DEVELOPMENT_TEAM = ZAVZ2D9H36;
				INFOPLIST_FILE = NewsFun/Info.plist;
				LD_RUNPATH_SEARCH_PATHS = (
					"$(inherited)",
					"@executable_path/Frameworks",
				);
				PRODUCT_BUNDLE_IDENTIFIER = com.jhollis.NewsFun;
				PRODUCT_NAME = "$(TARGET_NAME)";
				SWIFT_VERSION = 4.0;
				TARGETED_DEVICE_FAMILY = "1,2";
			};
			name = Release;
		};
/* End XCBuildConfiguration section */

/* Begin XCConfigurationList section */
		223F7576212A4CD5007CD9B0 /* Build configuration list for PBXProject "NewsFun" */ = {
			isa = XCConfigurationList;
			buildConfigurations = (
				223F758B212A4CE1007CD9B0 /* Debug */,
				223F758C212A4CE1007CD9B0 /* Release */,
			);
			defaultConfigurationIsVisible = 0;
			defaultConfigurationName = Release;
		};
		223F758D212A4CE1007CD9B0 /* Build configuration list for PBXNativeTarget "NewsFun" */ = {
			isa = XCConfigurationList;
			buildConfigurations = (
				223F758E212A4CE1007CD9B0 /* Debug */,
				223F758F212A4CE1007CD9B0 /* Release */,
			);
			defaultConfigurationIsVisible = 0;
			defaultConfigurationName = Release;
		};
/* End XCConfigurationList section */
	};
	rootObject = 223F7573212A4CD5007CD9B0 /* Project object */;
}
